
Microsoft Visual Studio Solution File, Format Version 12.00
# Visual Studio Version 16
VisualStudioVersion = 16.0.30128.74
MinimumVisualStudioVersion = 10.0.40219.1
Project("{8BC9CEB8-8B4A-11D0-8D11-00A0C91BC942}") = "C++_HTX", "C++_HTX\C++_HTX.vcxproj", "{93A38D34-4359-4F3D-BAE7-C4742AEB02A3}"
EndProject
Project("{8BC9CEB8-8B4A-11D0-8D11-00A0C91BC942}") = "01 圆周率输入正确率", "01 圆周率输入正确率\01 圆周率输入正确率.vcxproj", "{903EF509-691C-4DBD-9383-8BB1250121A0}"
EndProject
Project("{8BC9CEB8-8B4A-11D0-8D11-00A0C91BC942}") = "02 ATM业务模拟", "02 ATM业务模拟\02 ATM业务模拟.vcxproj", "{70052919-D133-4137-90CA-CB29F4C0379D}"
EndProject
Project("{8BC9CEB8-8B4A-11D0-8D11-00A0C91BC942}") = "02 以二进制方式取读类数组(additional)", "02 以二进制方式取读类数组(additional)\02 以二进制方式取读类数组(additional).vcxproj", "{F2637B75-6CA1-43C8-B1D6-EA43548CC4CB}"
EndProject
Project("{8BC9CEB8-8B4A-11D0-8D11-00A0C91BC942}") = "04 合并DOCX文档(需要MFC)", "04 合并DOCX文档\04 合并DOCX文档.vcxproj", "{0ACB574A-E6B4-427A-8AFF-3F07505FC6A0}"
EndProject
Project("{8BC9CEB8-8B4A-11D0-8D11-00A0C91BC942}") = "02 输出美式金额(additional)", "02 输出美式金额(additional)\02 输出美式金额(additional).vcxproj", "{FF83A06D-4D1C-494A-A994-F5167A3E0D5E}"
EndProject
Project("{8BC9CEB8-8B4A-11D0-8D11-00A0C91BC942}") = "05 打印年份日历", "05 打印年份日历\05 打印年份日历.vcxproj", "{11EFF0F3-C4F4-446E-B4FB-0D2F5293A497}"
EndProject
Project("{8BC9CEB8-8B4A-11D0-8D11-00A0C91BC942}") = "06 随机生成四则运算", "06 随机生成四则运算\06 随机生成四则运算.vcxproj", "{587823F7-EF22-4E5D-8294-19ECA28C147F}"
EndProject
Project("{8BC9CEB8-8B4A-11D0-8D11-00A0C91BC942}") = "07 显示当前时间和日期", "07 显示当前时间和日期\07 显示当前时间和日期.vcxproj", "{7DE65B44-1940-45E1-B5A2-90C4F472960F}"
EndProject
Project("{8BC9CEB8-8B4A-11D0-8D11-00A0C91BC942}") = "08 猜词游戏", "08 猜词游戏\08 猜词游戏.vcxproj", "{7503475B-8CC3-4C3D-9AA3-6C77F8A918D6}"
EndProject
Project("{8BC9CEB8-8B4A-11D0-8D11-00A0C91BC942}") = "09 向量类计算表达式", "09 向量类计算表达式\09 向量类计算表达式.vcxproj", "{2B3E045C-58B9-4DC0-8A19-DB29A43F81DE}"
EndProject
Project("{8BC9CEB8-8B4A-11D0-8D11-00A0C91BC942}") = "10 数字金额转文字金额", "10 数字金额转文字金额\10 数字金额转文字金额.vcxproj", "{A9C8EA84-19A1-4186-A1D7-FA58C264CD0A}"
EndProject
Project("{8BC9CEB8-8B4A-11D0-8D11-00A0C91BC942}") = "10 无内容字符串(additional)", "10 无内容字符串\10 无内容字符串.vcxproj", "{DEA0578F-1225-4635-9895-69F99FC75A56}"
EndProject
Project("{8BC9CEB8-8B4A-11D0-8D11-00A0C91BC942}") = "11 对Office写入和读取数据", "11 对Office写入和读取数据\11 对Office写入和读取数据.vcxproj", "{2DD5E8EC-724E-4E29-93AD-5B888EE361D5}"
EndProject
Project("{8BC9CEB8-8B4A-11D0-8D11-00A0C91BC942}") = "12 读取文件中的浮点数", "12 读取文件中的浮点数\12 读取文件中的浮点数.vcxproj", "{612B6219-8071-429D-B0EF-78AEB11D3FC6}"
EndProject
Project("{8BC9CEB8-8B4A-11D0-8D11-00A0C91BC942}") = "03 指定金额的类型选择!!", "03 指定金额的类型选择\03 指定金额的类型选择.vcxproj", "{A9A331D2-6CCD-408D-99DF-60A0D7DE9AF4}"
EndProject
Project("{8BC9CEB8-8B4A-11D0-8D11-00A0C91BC942}") = "13 哈诺塔问题", "13 哈诺塔问题\13 哈诺塔问题.vcxproj", "{70099A11-F2DC-489D-9643-7A89021134D3}"
EndProject
Project("{8BC9CEB8-8B4A-11D0-8D11-00A0C91BC942}") = "14 类的特点分析", "14 类的特点分析\14 类的特点分析.vcxproj", "{275C8705-48C6-42BE-9C5D-68A21BDD2074}"
EndProject
Global
	GlobalSection(SolutionConfigurationPlatforms) = preSolution
		Debug|x64 = Debug|x64
		Debug|x86 = Debug|x86
		Release|x64 = Release|x64
		Release|x86 = Release|x86
	EndGlobalSection
	GlobalSection(ProjectConfigurationPlatforms) = postSolution
		{93A38D34-4359-4F3D-BAE7-C4742AEB02A3}.Debug|x64.ActiveCfg = Debug|x64
		{93A38D34-4359-4F3D-BAE7-C4742AEB02A3}.Debug|x64.Build.0 = Debug|x64
		{93A38D34-4359-4F3D-BAE7-C4742AEB02A3}.Debug|x86.ActiveCfg = Debug|Win32
		{93A38D34-4359-4F3D-BAE7-C4742AEB02A3}.Debug|x86.Build.0 = Debug|Win32
		{93A38D34-4359-4F3D-BAE7-C4742AEB02A3}.Release|x64.ActiveCfg = Release|x64
		{93A38D34-4359-4F3D-BAE7-C4742AEB02A3}.Release|x64.Build.0 = Release|x64
		{93A38D34-4359-4F3D-BAE7-C4742AEB02A3}.Release|x86.ActiveCfg = Release|Win32
		{93A38D34-4359-4F3D-BAE7-C4742AEB02A3}.Release|x86.Build.0 = Release|Win32
		{903EF509-691C-4DBD-9383-8BB1250121A0}.Debug|x64.ActiveCfg = Debug|x64
		{903EF509-691C-4DBD-9383-8BB1250121A0}.Debug|x64.Build.0 = Debug|x64
		{903EF509-691C-4DBD-9383-8BB1250121A0}.Debug|x86.ActiveCfg = Debug|Win32
		{903EF509-691C-4DBD-9383-8BB1250121A0}.Debug|x86.Build.0 = Debug|Win32
		{903EF509-691C-4DBD-9383-8BB1250121A0}.Release|x64.ActiveCfg = Release|x64
		{903EF509-691C-4DBD-9383-8BB1250121A0}.Release|x64.Build.0 = Release|x64
		{903EF509-691C-4DBD-9383-8BB1250121A0}.Release|x86.ActiveCfg = Release|Win32
		{903EF509-691C-4DBD-9383-8BB1250121A0}.Release|x86.Build.0 = Release|Win32
		{70052919-D133-4137-90CA-CB29F4C0379D}.Debug|x64.ActiveCfg = Debug|x64
		{70052919-D133-4137-90CA-CB29F4C0379D}.Debug|x64.Build.0 = Debug|x64
		{70052919-D133-4137-90CA-CB29F4C0379D}.Debug|x86.ActiveCfg = Debug|Win32
		{70052919-D133-4137-90CA-CB29F4C0379D}.Debug|x86.Build.0 = Debug|Win32
		{70052919-D133-4137-90CA-CB29F4C0379D}.Release|x64.ActiveCfg = Release|x64
		{70052919-D133-4137-90CA-CB29F4C0379D}.Release|x64.Build.0 = Release|x64
		{70052919-D133-4137-90CA-CB29F4C0379D}.Release|x86.ActiveCfg = Release|Win32
		{70052919-D133-4137-90CA-CB29F4C0379D}.Release|x86.Build.0 = Release|Win32
		{F2637B75-6CA1-43C8-B1D6-EA43548CC4CB}.Debug|x64.ActiveCfg = Debug|x64
		{F2637B75-6CA1-43C8-B1D6-EA43548CC4CB}.Debug|x64.Build.0 = Debug|x64
		{F2637B75-6CA1-43C8-B1D6-EA43548CC4CB}.Debug|x86.ActiveCfg = Debug|Win32
		{F2637B75-6CA1-43C8-B1D6-EA43548CC4CB}.Debug|x86.Build.0 = Debug|Win32
		{F2637B75-6CA1-43C8-B1D6-EA43548CC4CB}.Release|x64.ActiveCfg = Release|x64
		{F2637B75-6CA1-43C8-B1D6-EA43548CC4CB}.Release|x64.Build.0 = Release|x64
		{F2637B75-6CA1-43C8-B1D6-EA43548CC4CB}.Release|x86.ActiveCfg = Release|Win32
		{F2637B75-6CA1-43C8-B1D6-EA43548CC4CB}.Release|x86.Build.0 = Release|Win32
		{0ACB574A-E6B4-427A-8AFF-3F07505FC6A0}.Debug|x64.ActiveCfg = Debug|x64
		{0ACB574A-E6B4-427A-8AFF-3F07505FC6A0}.Debug|x64.Build.0 = Debug|x64
		{0ACB574A-E6B4-427A-8AFF-3F07505FC6A0}.Debug|x86.ActiveCfg = Debug|Win32
		{0ACB574A-E6B4-427A-8AFF-3F07505FC6A0}.Debug|x86.Build.0 = Debug|Win32
		{0ACB574A-E6B4-427A-8AFF-3F07505FC6A0}.Release|x64.ActiveCfg = Release|x64
		{0ACB574A-E6B4-427A-8AFF-3F07505FC6A0}.Release|x64.Build.0 = Release|x64
		{0ACB574A-E6B4-427A-8AFF-3F07505FC6A0}.Release|x86.ActiveCfg = Release|Win32
		{0ACB574A-E6B4-427A-8AFF-3F07505FC6A0}.Release|x86.Build.0 = Release|Win32
		{FF83A06D-4D1C-494A-A994-F5167A3E0D5E}.Debug|x64.ActiveCfg = Debug|x64
		{FF83A06D-4D1C-494A-A994-F5167A3E0D5E}.Debug|x64.Build.0 = Debug|x64
		{FF83A06D-4D1C-494A-A994-F5167A3E0D5E}.Debug|x86.ActiveCfg = Debug|Win32
		{FF83A06D-4D1C-494A-A994-F5167A3E0D5E}.Debug|x86.Build.0 = Debug|Win32
		{FF83A06D-4D1C-494A-A994-F5167A3E0D5E}.Release|x64.ActiveCfg = Release|x64
		{FF83A06D-4D1C-494A-A994-F5167A3E0D5E}.Release|x64.Build.0 = Release|x64
		{FF83A06D-4D1C-494A-A994-F5167A3E0D5E}.Release|x86.ActiveCfg = Release|Win32
		{FF83A06D-4D1C-494A-A994-F5167A3E0D5E}.Release|x86.Build.0 = Release|Win32
		{11EFF0F3-C4F4-446E-B4FB-0D2F5293A497}.Debug|x64.ActiveCfg = Debug|x64
		{11EFF0F3-C4F4-446E-B4FB-0D2F5293A497}.Debug|x64.Build.0 = Debug|x64
		{11EFF0F3-C4F4-446E-B4FB-0D2F5293A497}.Debug|x86.ActiveCfg = Debug|Win32
		{11EFF0F3-C4F4-446E-B4FB-0D2F5293A497}.Debug|x86.Build.0 = Debug|Win32
		{11EFF0F3-C4F4-446E-B4FB-0D2F5293A497}.Release|x64.ActiveCfg = Release|x64
		{11EFF0F3-C4F4-446E-B4FB-0D2F5293A497}.Release|x64.Build.0 = Release|x64
		{11EFF0F3-C4F4-446E-B4FB-0D2F5293A497}.Release|x86.ActiveCfg = Release|Win32
		{11EFF0F3-C4F4-446E-B4FB-0D2F5293A497}.Release|x86.Build.0 = Release|Win32
		{587823F7-EF22-4E5D-8294-19ECA28C147F}.Debug|x64.ActiveCfg = Debug|x64
		{587823F7-EF22-4E5D-8294-19ECA28C147F}.Debug|x64.Build.0 = Debug|x64
		{587823F7-EF22-4E5D-8294-19ECA28C147F}.Debug|x86.ActiveCfg = Debug|Win32
		{587823F7-EF22-4E5D-8294-19ECA28C147F}.Debug|x86.Build.0 = Debug|Win32
		{587823F7-EF22-4E5D-8294-19ECA28C147F}.Release|x64.ActiveCfg = Release|x64
		{587823F7-EF22-4E5D-8294-19ECA28C147F}.Release|x64.Build.0 = Release|x64
		{587823F7-EF22-4E5D-8294-19ECA28C147F}.Release|x86.ActiveCfg = Release|Win32
		{587823F7-EF22-4E5D-8294-19ECA28C147F}.Release|x86.Build.0 = Release|Win32
		{7DE65B44-1940-45E1-B5A2-90C4F472960F}.Debug|x64.ActiveCfg = Debug|x64
		{7DE65B44-1940-45E1-B5A2-90C4F472960F}.Debug|x64.Build.0 = Debug|x64
		{7DE65B44-1940-45E1-B5A2-90C4F472960F}.Debug|x86.ActiveCfg = Debug|Win32
		{7DE65B44-1940-45E1-B5A2-90C4F472960F}.Debug|x86.Build.0 = Debug|Win32
		{7DE65B44-1940-45E1-B5A2-90C4F472960F}.Release|x64.ActiveCfg = Release|x64
		{7DE65B44-1940-45E1-B5A2-90C4F472960F}.Release|x64.Build.0 = Release|x64
		{7DE65B44-1940-45E1-B5A2-90C4F472960F}.Release|x86.ActiveCfg = Release|Win32
		{7DE65B44-1940-45E1-B5A2-90C4F472960F}.Release|x86.Build.0 = Release|Win32
		{7503475B-8CC3-4C3D-9AA3-6C77F8A918D6}.Debug|x64.ActiveCfg = Debug|x64
		{7503475B-8CC3-4C3D-9AA3-6C77F8A918D6}.Debug|x64.Build.0 = Debug|x64
		{7503475B-8CC3-4C3D-9AA3-6C77F8A918D6}.Debug|x86.ActiveCfg = Debug|Win32
		{7503475B-8CC3-4C3D-9AA3-6C77F8A918D6}.Debug|x86.Build.0 = Debug|Win32
		{7503475B-8CC3-4C3D-9AA3-6C77F8A918D6}.Release|x64.ActiveCfg = Release|x64
		{7503475B-8CC3-4C3D-9AA3-6C77F8A918D6}.Release|x64.Build.0 = Release|x64
		{7503475B-8CC3-4C3D-9AA3-6C77F8A918D6}.Release|x86.ActiveCfg = Release|Win32
		{7503475B-8CC3-4C3D-9AA3-6C77F8A918D6}.Release|x86.Build.0 = Release|Win32
		{2B3E045C-58B9-4DC0-8A19-DB29A43F81DE}.Debug|x64.ActiveCfg = Debug|x64
		{2B3E045C-58B9-4DC0-8A19-DB29A43F81DE}.Debug|x64.Build.0 = Debug|x64
		{2B3E045C-58B9-4DC0-8A19-DB29A43F81DE}.Debug|x86.ActiveCfg = Debug|Win32
		{2B3E045C-58B9-4DC0-8A19-DB29A43F81DE}.Debug|x86.Build.0 = Debug|Win32
		{2B3E045C-58B9-4DC0-8A19-DB29A43F81DE}.Release|x64.ActiveCfg = Release|x64
		{2B3E045C-58B9-4DC0-8A19-DB29A43F81DE}.Release|x64.Build.0 = Release|x64
		{2B3E045C-58B9-4DC0-8A19-DB29A43F81DE}.Release|x86.ActiveCfg = Release|Win32
		{2B3E045C-58B9-4DC0-8A19-DB29A43F81DE}.Release|x86.Build.0 = Release|Win32
		{A9C8EA84-19A1-4186-A1D7-FA58C264CD0A}.Debug|x64.ActiveCfg = Debug|x64
		{A9C8EA84-19A1-4186-A1D7-FA58C264CD0A}.Debug|x64.Build.0 = Debug|x64
		{A9C8EA84-19A1-4186-A1D7-FA58C264CD0A}.Debug|x86.ActiveCfg = Debug|Win32
		{A9C8EA84-19A1-4186-A1D7-FA58C264CD0A}.Debug|x86.Build.0 = Debug|Win32
		{A9C8EA84-19A1-4186-A1D7-FA58C264CD0A}.Release|x64.ActiveCfg = Release|x64
		{A9C8EA84-19A1-4186-A1D7-FA58C264CD0A}.Release|x64.Build.0 = Release|x64
		{A9C8EA84-19A1-4186-A1D7-FA58C264CD0A}.Release|x86.ActiveCfg = Release|Win32
		{A9C8EA84-19A1-4186-A1D7-FA58C264CD0A}.Release|x86.Build.0 = Release|Win32
		{DEA0578F-1225-4635-9895-69F99FC75A56}.Debug|x64.ActiveCfg = Debug|x64
		{DEA0578F-1225-4635-9895-69F99FC75A56}.Debug|x64.Build.0 = Debug|x64
		{DEA0578F-1225-4635-9895-69F99FC75A56}.Debug|x86.ActiveCfg = Debug|Win32
		{DEA0578F-1225-4635-9895-69F99FC75A56}.Debug|x86.Build.0 = Debug|Win32
		{DEA0578F-1225-4635-9895-69F99FC75A56}.Release|x64.ActiveCfg = Release|x64
		{DEA0578F-1225-4635-9895-69F99FC75A56}.Release|x64.Build.0 = Release|x64
		{DEA0578F-1225-4635-9895-69F99FC75A56}.Release|x86.ActiveCfg = Release|Win32
		{DEA0578F-1225-4635-9895-69F99FC75A56}.Release|x86.Build.0 = Release|Win32
		{2DD5E8EC-724E-4E29-93AD-5B888EE361D5}.Debug|x64.ActiveCfg = Debug|x64
		{2DD5E8EC-724E-4E29-93AD-5B888EE361D5}.Debug|x64.Build.0 = Debug|x64
		{2DD5E8EC-724E-4E29-93AD-5B888EE361D5}.Debug|x86.ActiveCfg = Debug|Win32
		{2DD5E8EC-724E-4E29-93AD-5B888EE361D5}.Debug|x86.Build.0 = Debug|Win32
		{2DD5E8EC-724E-4E29-93AD-5B888EE361D5}.Release|x64.ActiveCfg = Release|x64
		{2DD5E8EC-724E-4E29-93AD-5B888EE361D5}.Release|x64.Build.0 = Release|x64
		{2DD5E8EC-724E-4E29-93AD-5B888EE361D5}.Release|x86.ActiveCfg = Release|Win32
		{2DD5E8EC-724E-4E29-93AD-5B888EE361D5}.Release|x86.Build.0 = Release|Win32
		{612B6219-8071-429D-B0EF-78AEB11D3FC6}.Debug|x64.ActiveCfg = Debug|x64
		{612B6219-8071-429D-B0EF-78AEB11D3FC6}.Debug|x64.Build.0 = Debug|x64
		{612B6219-8071-429D-B0EF-78AEB11D3FC6}.Debug|x86.ActiveCfg = Debug|Win32
		{612B6219-8071-429D-B0EF-78AEB11D3FC6}.Debug|x86.Build.0 = Debug|Win32
		{612B6219-8071-429D-B0EF-78AEB11D3FC6}.Release|x64.ActiveCfg = Release|x64
		{612B6219-8071-429D-B0EF-78AEB11D3FC6}.Release|x64.Build.0 = Release|x64
		{612B6219-8071-429D-B0EF-78AEB11D3FC6}.Release|x86.ActiveCfg = Release|Win32
		{612B6219-8071-429D-B0EF-78AEB11D3FC6}.Release|x86.Build.0 = Release|Win32
		{A9A331D2-6CCD-408D-99DF-60A0D7DE9AF4}.Debug|x64.ActiveCfg = Debug|x64
		{A9A331D2-6CCD-408D-99DF-60A0D7DE9AF4}.Debug|x64.Build.0 = Debug|x64
		{A9A331D2-6CCD-408D-99DF-60A0D7DE9AF4}.Debug|x86.ActiveCfg = Debug|Win32
		{A9A331D2-6CCD-408D-99DF-60A0D7DE9AF4}.Debug|x86.Build.0 = Debug|Win32
		{A9A331D2-6CCD-408D-99DF-60A0D7DE9AF4}.Release|x64.ActiveCfg = Release|x64
		{A9A331D2-6CCD-408D-99DF-60A0D7DE9AF4}.Release|x64.Build.0 = Release|x64
		{A9A331D2-6CCD-408D-99DF-60A0D7DE9AF4}.Release|x86.ActiveCfg = Release|Win32
		{A9A331D2-6CCD-408D-99DF-60A0D7DE9AF4}.Release|x86.Build.0 = Release|Win32
		{70099A11-F2DC-489D-9643-7A89021134D3}.Debug|x64.ActiveCfg = Debug|x64
		{70099A11-F2DC-489D-9643-7A89021134D3}.Debug|x64.Build.0 = Debug|x64
		{70099A11-F2DC-489D-9643-7A89021134D3}.Debug|x86.ActiveCfg = Debug|Win32
		{70099A11-F2DC-489D-9643-7A89021134D3}.Debug|x86.Build.0 = Debug|Win32
		{70099A11-F2DC-489D-9643-7A89021134D3}.Release|x64.ActiveCfg = Release|x64
		{70099A11-F2DC-489D-9643-7A89021134D3}.Release|x64.Build.0 = Release|x64
		{70099A11-F2DC-489D-9643-7A89021134D3}.Release|x86.ActiveCfg = Release|Win32
		{70099A11-F2DC-489D-9643-7A89021134D3}.Release|x86.Build.0 = Release|Win32
		{275C8705-48C6-42BE-9C5D-68A21BDD2074}.Debug|x64.ActiveCfg = Debug|x64
		{275C8705-48C6-42BE-9C5D-68A21BDD2074}.Debug|x64.Build.0 = Debug|x64
		{275C8705-48C6-42BE-9C5D-68A21BDD2074}.Debug|x86.ActiveCfg = Debug|Win32
		{275C8705-48C6-42BE-9C5D-68A21BDD2074}.Debug|x86.Build.0 = Debug|Win32
		{275C8705-48C6-42BE-9C5D-68A21BDD2074}.Release|x64.ActiveCfg = Release|x64
		{275C8705-48C6-42BE-9C5D-68A21BDD2074}.Release|x64.Build.0 = Release|x64
		{275C8705-48C6-42BE-9C5D-68A21BDD2074}.Release|x86.ActiveCfg = Release|Win32
		{275C8705-48C6-42BE-9C5D-68A21BDD2074}.Release|x86.Build.0 = Release|Win32
	EndGlobalSection
	GlobalSection(SolutionProperties) = preSolution
		HideSolutionNode = FALSE
	EndGlobalSection
	GlobalSection(ExtensibilityGlobals) = postSolution
		SolutionGuid = {E0FE4CF2-FC98-4AC8-8AB8-E09E09FFD12A}
	EndGlobalSection
EndGlobal
